PODS:
  - Braintree (4.9.4):
    - Braintree/Card (= 4.9.4)
    - Braintree/Core (= 4.9.4)
    - Braintree/PayPal (= 4.9.4)
    - Braintree/UI (= 4.9.4)
  - Braintree/Card (4.9.4):
    - Braintree/Core
  - Braintree/Core (4.9.4)
  - Braintree/PayPal (4.9.4):
    - Braintree/Core
    - Braintree/PayPalOneTouch
  - Braintree/PayPalDataCollector (4.9.4):
    - Braintree/Core
    - Braintree/PayPalUtils
  - Braintree/PayPalOneTouch (4.9.4):
    - Braintree/Core
    - Braintree/PayPalDataCollector
    - Braintree/PayPalUtils
  - Braintree/PayPalUtils (4.9.4)
  - Braintree/UI (4.9.4):
    - Braintree/Card
    - Braintree/Core
  - CardIO (5.4.1)
  - PayPal-iOS-SDK (2.18.0):
    - PayPal-iOS-SDK/CardIO (= 2.18.0)
    - PayPal-iOS-SDK/Core (= 2.18.0)
  - PayPal-iOS-SDK/CardIO (2.18.0):
    - CardIO (~> 5.4.1)
  - PayPal-iOS-SDK/Core (2.18.0)

DEPENDENCIES:
  - Braintree (= 4.9.4)
  - PayPal-iOS-SDK (= 2.18.0)

SPEC CHECKSUMS:
  Braintree: de7e58b8df95bf6514813cbc510578e3737b1c3b
  CardIO: 56983b39b62f495fc6dae9ad7cf875143df06443
  PayPal-iOS-SDK: 3fc74982a68d54eeaf39e09f507f279dc2291860

PODFILE CHECKSUM: e59b3a6c3ed80b5abbed66e378d0ddfb848c64d5

COCOAPODS: 1.2.0
